
Microsoft Visual Studio Solution File, Format Version 12.00
# Visual Studio Version 17
VisualStudioVersion = 17.1.32328.378
MinimumVisualStudioVersion = 10.0.40219.1
Project("{FAE04EC0-301F-11D3-BF4B-00C04F79EFBC}") = "DAL", "DAL\DAL.csproj", "{427D10E1-9C01-44EB-81ED-6114ED53F501}"
EndProject
Project("{FAE04EC0-301F-11D3-BF4B-00C04F79EFBC}") = "FormsProject", "FormsProject\FormsProject.csproj", "{FA226A8F-0AEC-4839-94DA-073E009F38D4}"
EndProject
Project("{FAE04EC0-301F-11D3-BF4B-00C04F79EFBC}") = "wpf dio", "wpf dio\wpf dio.csproj", "{DED3D3EE-641B-4D75-B8AE-CA9280F7D204}"
EndProject
Global
	GlobalSection(SolutionConfigurationPlatforms) = preSolution
		Debug|Any CPU = Debug|Any CPU
		Release|Any CPU = Release|Any CPU
	EndGlobalSection
	GlobalSection(ProjectConfigurationPlatforms) = postSolution
		{427D10E1-9C01-44EB-81ED-6114ED53F501}.Debug|Any CPU.ActiveCfg = Debug|Any CPU
		{427D10E1-9C01-44EB-81ED-6114ED53F501}.Debug|Any CPU.Build.0 = Debug|Any CPU
		{427D10E1-9C01-44EB-81ED-6114ED53F501}.Release|Any CPU.ActiveCfg = Release|Any CPU
		{427D10E1-9C01-44EB-81ED-6114ED53F501}.Release|Any CPU.Build.0 = Release|Any CPU
		{FA226A8F-0AEC-4839-94DA-073E009F38D4}.Debug|Any CPU.ActiveCfg = Debug|Any CPU
		{FA226A8F-0AEC-4839-94DA-073E009F38D4}.Debug|Any CPU.Build.0 = Debug|Any CPU
		{FA226A8F-0AEC-4839-94DA-073E009F38D4}.Release|Any CPU.ActiveCfg = Release|Any CPU
		{FA226A8F-0AEC-4839-94DA-073E009F38D4}.Release|Any CPU.Build.0 = Release|Any CPU
		{DED3D3EE-641B-4D75-B8AE-CA9280F7D204}.Debug|Any CPU.ActiveCfg = Debug|Any CPU
		{DED3D3EE-641B-4D75-B8AE-CA9280F7D204}.Debug|Any CPU.Build.0 = Debug|Any CPU
		{DED3D3EE-641B-4D75-B8AE-CA9280F7D204}.Release|Any CPU.ActiveCfg = Release|Any CPU
		{DED3D3EE-641B-4D75-B8AE-CA9280F7D204}.Release|Any CPU.Build.0 = Release|Any CPU
	EndGlobalSection
	GlobalSection(SolutionProperties) = preSolution
		HideSolutionNode = FALSE
	EndGlobalSection
	GlobalSection(ExtensibilityGlobals) = postSolution
		SolutionGuid = {2712906A-A8CB-47FA-9CFA-80A315DACA0C}
	EndGlobalSection
EndGlobal
